{
  "version": 4,
  "terraform_version": "1.8.2",
  "serial": 43,
  "lineage": "68c81745-6b3f-e0c4-43fd-d8bf833c5307",
  "outputs": {},
  "resources": [
    {
      "mode": "data",
      "type": "rustack_firewall_template",
      "name": "allow_default",
      "provider": "provider[\"registry.terraform.io/pilat/rustack\"]",
      "instances": [
        {
          "schema_version": 0,
          "attributes": {
            "id": "00000000-0000-0000-0000-000000000000",
            "name": "Разрешить исходящие",
            "vdc_id": "1d5aa281-1e27-4299-89ce-8a0df072f899"
          },
          "sensitive_attributes": []
        }
      ]
    },
    {
      "mode": "data",
      "type": "rustack_firewall_template",
      "name": "allow_postgresql",
      "provider": "provider[\"registry.terraform.io/pilat/rustack\"]",
      "instances": [
        {
          "schema_version": 0,
          "attributes": {
            "id": "b257cde0-9894-429c-817c-170321fe8112",
            "name": "PostgreSQL",
            "vdc_id": "1d5aa281-1e27-4299-89ce-8a0df072f899"
          },
          "sensitive_attributes": []
        }
      ]
    },
    {
      "mode": "data",
      "type": "rustack_firewall_template",
      "name": "allow_ssh",
      "provider": "provider[\"registry.terraform.io/pilat/rustack\"]",
      "instances": [
        {
          "schema_version": 0,
          "attributes": {
            "id": "7496a065-2bad-4bae-83a1-793f1c609a6e",
            "name": "Разрешить SSH",
            "vdc_id": "1d5aa281-1e27-4299-89ce-8a0df072f899"
          },
          "sensitive_attributes": []
        }
      ]
    },
    {
      "mode": "data",
      "type": "rustack_hypervisor",
      "name": "kvm",
      "provider": "provider[\"registry.terraform.io/pilat/rustack\"]",
      "instances": [
        {
          "schema_version": 0,
          "attributes": {
            "id": "c617c862-6897-425e-acfa-920096afed5d",
            "name": "РУСТЭК",
            "project_id": "44654088-29bf-41c3-bcf6-1fe80cc40ae2",
            "type": "kvm"
          },
          "sensitive_attributes": []
        }
      ]
    },
    {
      "mode": "data",
      "type": "rustack_network",
      "name": "service_network",
      "provider": "provider[\"registry.terraform.io/pilat/rustack\"]",
      "instances": [
        {
          "schema_version": 0,
          "attributes": {
            "id": "cd791e45-885f-4fb8-948e-e01035e0a364",
            "name": "Сеть",
            "subnets": [
              {
                "cidr": "10.0.1.0/24",
                "dhcp": true,
                "dns": [
                  "77.88.8.8",
                  "77.88.8.1"
                ],
                "end_ip": "10.0.1.254",
                "gateway": "10.0.1.1",
                "id": "feed0f87-7a5c-4628-b62d-6f0cb1f2a89e",
                "start_ip": "10.0.1.2"
              }
            ],
            "vdc_id": "1d5aa281-1e27-4299-89ce-8a0df072f899"
          },
          "sensitive_attributes": []
        }
      ]
    },
    {
      "mode": "data",
      "type": "rustack_project",
      "name": "my_project",
      "provider": "provider[\"registry.terraform.io/pilat/rustack\"]",
      "instances": [
        {
          "schema_version": 0,
          "attributes": {
            "id": "44654088-29bf-41c3-bcf6-1fe80cc40ae2",
            "name": "PostgreSQL"
          },
          "sensitive_attributes": []
        }
      ]
    },
    {
      "mode": "data",
      "type": "rustack_storage_profile",
      "name": "ssd",
      "provider": "provider[\"registry.terraform.io/pilat/rustack\"]",
      "instances": [
        {
          "schema_version": 0,
          "attributes": {
            "id": "c9f812ec-c340-4edc-b824-45a5b5213331",
            "name": "SSD",
            "vdc_id": "1d5aa281-1e27-4299-89ce-8a0df072f899"
          },
          "sensitive_attributes": []
        }
      ]
    },
    {
      "mode": "data",
      "type": "rustack_template",
      "name": "ubuntu20",
      "provider": "provider[\"registry.terraform.io/pilat/rustack\"]",
      "instances": [
        {
          "schema_version": 0,
          "attributes": {
            "id": "1fb0722e-a634-4ebf-870d-51a2f470e258",
            "min_cpu": 1,
            "min_disk": 10,
            "min_ram": 1,
            "name": "Ubuntu 20.04",
            "vdc_id": "1d5aa281-1e27-4299-89ce-8a0df072f899"
          },
          "sensitive_attributes": []
        }
      ]
    },
    {
      "mode": "data",
      "type": "rustack_vdc",
      "name": "vdc",
      "provider": "provider[\"registry.terraform.io/pilat/rustack\"]",
      "instances": [
        {
          "schema_version": 0,
          "attributes": {
            "hypervisor": "РУСТЭК",
            "hypervisor_type": "kvm",
            "id": "1d5aa281-1e27-4299-89ce-8a0df072f899",
            "name": "PostgreSQL",
            "project_id": "44654088-29bf-41c3-bcf6-1fe80cc40ae2"
          },
          "sensitive_attributes": []
        }
      ]
    },
    {
      "mode": "managed",
      "type": "rustack_port",
      "name": "vm_port_1",
      "provider": "provider[\"registry.terraform.io/pilat/rustack\"]",
      "instances": [
        {
          "schema_version": 0,
          "attributes": {
            "firewall_templates": [
              "00000000-0000-0000-0000-000000000000",
              "7496a065-2bad-4bae-83a1-793f1c609a6e",
              "b257cde0-9894-429c-817c-170321fe8112"
            ],
            "id": "c563fdc1-4b6a-46e8-94d6-6c67f5da21ec",
            "ip_address": "10.0.1.4",
            "network_id": "cd791e45-885f-4fb8-948e-e01035e0a364",
            "tags": null,
            "timeouts": null,
            "vdc_id": "1d5aa281-1e27-4299-89ce-8a0df072f899"
          },
          "sensitive_attributes": [],
          "private": "eyJlMmJmYjczMC1lY2FhLTExZTYtOGY4OC0zNDM2M2JjN2M0YzAiOnsiY3JlYXRlIjo2MDAwMDAwMDAwMDAsImRlbGV0ZSI6NjAwMDAwMDAwMDAwfX0=",
          "dependencies": [
            "data.rustack_firewall_template.allow_default",
            "data.rustack_firewall_template.allow_postgresql",
            "data.rustack_firewall_template.allow_ssh",
            "data.rustack_network.service_network",
            "data.rustack_project.my_project",
            "data.rustack_vdc.vdc"
          ]
        }
      ]
    },
    {
      "mode": "managed",
      "type": "rustack_port",
      "name": "vm_port_2",
      "provider": "provider[\"registry.terraform.io/pilat/rustack\"]",
      "instances": [
        {
          "schema_version": 0,
          "attributes": {
            "firewall_templates": [
              "00000000-0000-0000-0000-000000000000",
              "7496a065-2bad-4bae-83a1-793f1c609a6e",
              "b257cde0-9894-429c-817c-170321fe8112"
            ],
            "id": "63300c1c-d89c-4762-a4a4-219cea2ca85b",
            "ip_address": "10.0.1.3",
            "network_id": "cd791e45-885f-4fb8-948e-e01035e0a364",
            "tags": null,
            "timeouts": null,
            "vdc_id": "1d5aa281-1e27-4299-89ce-8a0df072f899"
          },
          "sensitive_attributes": [],
          "private": "eyJlMmJmYjczMC1lY2FhLTExZTYtOGY4OC0zNDM2M2JjN2M0YzAiOnsiY3JlYXRlIjo2MDAwMDAwMDAwMDAsImRlbGV0ZSI6NjAwMDAwMDAwMDAwfX0=",
          "dependencies": [
            "data.rustack_firewall_template.allow_default",
            "data.rustack_firewall_template.allow_postgresql",
            "data.rustack_firewall_template.allow_ssh",
            "data.rustack_network.service_network",
            "data.rustack_project.my_project",
            "data.rustack_vdc.vdc"
          ]
        }
      ]
    },
    {
      "mode": "managed",
      "type": "rustack_vm",
      "name": "postgresql_1",
      "provider": "provider[\"registry.terraform.io/pilat/rustack\"]",
      "instances": [
        {
          "schema_version": 0,
          "attributes": {
            "cpu": 4,
            "disks": null,
            "floating": true,
            "floating_ip": "10.20.14.171",
            "id": "ca658565-4c53-4575-a6a3-e66d45d81293",
            "name": "PostgreSQL-1",
            "ports": [
              "c563fdc1-4b6a-46e8-94d6-6c67f5da21ec"
            ],
            "power": true,
            "ram": 8,
            "system_disk": [
              {
                "id": "c16ea5da-6a92-4ca8-a417-5410e735d31e",
                "name": "Основной диск",
                "size": 30,
                "storage_profile_id": "c9f812ec-c340-4edc-b824-45a5b5213331"
              }
            ],
            "tags": null,
            "template_id": "1fb0722e-a634-4ebf-870d-51a2f470e258",
            "timeouts": null,
            "user_data": "#cloud-config\ndebug: true\n\ncloud_init_modules:\n  - migrator\n  - seed_random\n  - write-files\n  - growpart\n  - resizefs\n  - set_hostname\n  - update_hostname\n  - update_etc_hosts\n  - users-groups\n  - ssh\n  - runcmd\n\nusers:\n  - name: user\n    groups: sudo\n    lock_passwd: false\n    passwd: $6$rounds=4096$randomsalt$randomhashedpassword\n    sudo: \"ALL=(ALL) NOPASSWD:ALL\"\n    shell: /bin/bash\n\nchpasswd:\n  list:\n    - \"user:user\"\n  expire: false\n\ntimezone: \"Europe/Moscow\"\nfqdn: \"postgres\"\n\n\n",
            "vdc_id": "1d5aa281-1e27-4299-89ce-8a0df072f899"
          },
          "sensitive_attributes": [],
          "private": "eyJlMmJmYjczMC1lY2FhLTExZTYtOGY4OC0zNDM2M2JjN2M0YzAiOnsiY3JlYXRlIjo2MDAwMDAwMDAwMDAsImRlbGV0ZSI6NjAwMDAwMDAwMDAwfX0=",
          "dependencies": [
            "data.rustack_firewall_template.allow_default",
            "data.rustack_firewall_template.allow_postgresql",
            "data.rustack_firewall_template.allow_ssh",
            "data.rustack_network.service_network",
            "data.rustack_project.my_project",
            "data.rustack_storage_profile.ssd",
            "data.rustack_template.ubuntu20",
            "data.rustack_vdc.vdc",
            "rustack_port.vm_port_1"
          ]
        }
      ]
    },
    {
      "mode": "managed",
      "type": "rustack_vm",
      "name": "postgresql_2",
      "provider": "provider[\"registry.terraform.io/pilat/rustack\"]",
      "instances": [
        {
          "schema_version": 0,
          "attributes": {
            "cpu": 4,
            "disks": null,
            "floating": true,
            "floating_ip": "10.20.14.172",
            "id": "682dfd56-081c-490e-bcfc-9d121f73ffbd",
            "name": "PostgreSQL-2",
            "ports": [
              "63300c1c-d89c-4762-a4a4-219cea2ca85b"
            ],
            "power": true,
            "ram": 8,
            "system_disk": [
              {
                "id": "011d32b2-6158-4f7b-9b59-442d0f31b169",
                "name": "Основной диск",
                "size": 30,
                "storage_profile_id": "c9f812ec-c340-4edc-b824-45a5b5213331"
              }
            ],
            "tags": null,
            "template_id": "1fb0722e-a634-4ebf-870d-51a2f470e258",
            "timeouts": null,
            "user_data": "#cloud-config\ndebug: true\n\ncloud_init_modules:\n  - migrator\n  - seed_random\n  - write-files\n  - growpart\n  - resizefs\n  - set_hostname\n  - update_hostname\n  - update_etc_hosts\n  - users-groups\n  - ssh\n  - runcmd\n\nusers:\n  - name: user\n    groups: sudo\n    lock_passwd: false\n    passwd: $6$rounds=4096$randomsalt$randomhashedpassword\n    sudo: \"ALL=(ALL) NOPASSWD:ALL\"\n    shell: /bin/bash\n\nchpasswd:\n  list:\n    - \"user:user\"\n  expire: false\n\ntimezone: \"Europe/Moscow\"\nfqdn: \"postgres\"\n\n\n",
            "vdc_id": "1d5aa281-1e27-4299-89ce-8a0df072f899"
          },
          "sensitive_attributes": [],
          "private": "eyJlMmJmYjczMC1lY2FhLTExZTYtOGY4OC0zNDM2M2JjN2M0YzAiOnsiY3JlYXRlIjo2MDAwMDAwMDAwMDAsImRlbGV0ZSI6NjAwMDAwMDAwMDAwfX0=",
          "dependencies": [
            "data.rustack_firewall_template.allow_default",
            "data.rustack_firewall_template.allow_postgresql",
            "data.rustack_firewall_template.allow_ssh",
            "data.rustack_network.service_network",
            "data.rustack_project.my_project",
            "data.rustack_storage_profile.ssd",
            "data.rustack_template.ubuntu20",
            "data.rustack_vdc.vdc",
            "rustack_port.vm_port_2"
          ]
        }
      ]
    }
  ],
  "check_results": null
}
